
Microsoft Visual Studio Solution File, Format Version 12.00
# Visual Studio Version 16
VisualStudioVersion = 16.0.31321.278
MinimumVisualStudioVersion = 10.0.40219.1
Project("{FAE04EC0-301F-11D3-BF4B-00C04F79EFBC}") = "DoAnBanXe", "DoAnBanXe\DoAnBanXe.csproj", "{FFEDA30D-7444-4158-B9D3-A40B958550BA}"
EndProject
Global
	GlobalSection(SolutionConfigurationPlatforms) = preSolution
		Debug|Any CPU = Debug|Any CPU
		Release|Any CPU = Release|Any CPU
	EndGlobalSection
	GlobalSection(ProjectConfigurationPlatforms) = postSolution
		{FFEDA30D-7444-4158-B9D3-A40B958550BA}.Debug|Any CPU.ActiveCfg = Debug|Any CPU
		{FFEDA30D-7444-4158-B9D3-A40B958550BA}.Debug|Any CPU.Build.0 = Debug|Any CPU
		{FFEDA30D-7444-4158-B9D3-A40B958550BA}.Release|Any CPU.ActiveCfg = Release|Any CPU
		{FFEDA30D-7444-4158-B9D3-A40B958550BA}.Release|Any CPU.Build.0 = Release|Any CPU
	EndGlobalSection
	GlobalSection(SolutionProperties) = preSolution
		HideSolutionNode = FALSE
	EndGlobalSection
	GlobalSection(ExtensibilityGlobals) = postSolution
		SolutionGuid = {83AEA664-0D12-440C-BBCF-B2CDB70AC8C8}
	EndGlobalSection
EndGlobal
